
Microsoft Visual Studio Solution File, Format Version 12.00
# Visual Studio Version 16
VisualStudioVersion = 16.0.32002.261
MinimumVisualStudioVersion = 10.0.40219.1
Project("{FAE04EC0-301F-11D3-BF4B-00C04F79EFBC}") = "OOPDraw", "OOPDraw\OOPDraw.csproj", "{56062D3F-F53D-4403-9D11-311A21E8F367}"
EndProject
Global
	GlobalSection(SolutionConfigurationPlatforms) = preSolution
		Debug|Any CPU = Debug|Any CPU
		Release|Any CPU = Release|Any CPU
	EndGlobalSection
	GlobalSection(ProjectConfigurationPlatforms) = postSolution
		{56062D3F-F53D-4403-9D11-311A21E8F367}.Debug|Any CPU.ActiveCfg = Debug|Any CPU
		{56062D3F-F53D-4403-9D11-311A21E8F367}.Debug|Any CPU.Build.0 = Debug|Any CPU
		{56062D3F-F53D-4403-9D11-311A21E8F367}.Release|Any CPU.ActiveCfg = Release|Any CPU
		{56062D3F-F53D-4403-9D11-311A21E8F367}.Release|Any CPU.Build.0 = Release|Any CPU
	EndGlobalSection
	GlobalSection(SolutionProperties) = preSolution
		HideSolutionNode = FALSE
	EndGlobalSection
	GlobalSection(ExtensibilityGlobals) = postSolution
		SolutionGuid = {EE85264A-5A68-4C97-8F60-921037B49AE9}
	EndGlobalSection
EndGlobal
